
Microsoft Visual Studio Solution File, Format Version 12.00
# Visual Studio Version 17
VisualStudioVersion = 17.2.32616.157
MinimumVisualStudioVersion = 10.0.40219.1
Project("{9A19103F-16F7-4668-BE54-9A1E7A4F7556}") = "FSL", "FSL\FSL.csproj", "{8E7DDA30-FFC6-4EA6-A161-0984EB47F4C5}"
EndProject
Global
	GlobalSection(SolutionConfigurationPlatforms) = preSolution
		Debug|Any CPU = Debug|Any CPU
		Release|Any CPU = Release|Any CPU
	EndGlobalSection
	GlobalSection(ProjectConfigurationPlatforms) = postSolution
		{8E7DDA30-FFC6-4EA6-A161-0984EB47F4C5}.Debug|Any CPU.ActiveCfg = Debug|Any CPU
		{8E7DDA30-FFC6-4EA6-A161-0984EB47F4C5}.Debug|Any CPU.Build.0 = Debug|Any CPU
		{8E7DDA30-FFC6-4EA6-A161-0984EB47F4C5}.Release|Any CPU.ActiveCfg = Release|Any CPU
		{8E7DDA30-FFC6-4EA6-A161-0984EB47F4C5}.Release|Any CPU.Build.0 = Release|Any CPU
	EndGlobalSection
	GlobalSection(SolutionProperties) = preSolution
		HideSolutionNode = FALSE
	EndGlobalSection
	GlobalSection(ExtensibilityGlobals) = postSolution
		SolutionGuid = {BD66784D-7B27-4790-AC13-2B3F2C6BC20E}
	EndGlobalSection
EndGlobal
